
Microsoft Visual Studio Solution File, Format Version 12.00
# Visual Studio Version 17
VisualStudioVersion = 17.11.35303.130
MinimumVisualStudioVersion = 10.0.40219.1
Project("{FAE04EC0-301F-11D3-BF4B-00C04F79EFBC}") = "MinimalFileServer", "MinimalFileServer\MinimalFileServer.csproj", "{377A4AE9-8B05-4755-9AA9-C2FCBC9C43A3}"
EndProject
Global
	GlobalSection(SolutionConfigurationPlatforms) = preSolution
		Debug|Any CPU = Debug|Any CPU
		Release|Any CPU = Release|Any CPU
	EndGlobalSection
	GlobalSection(ProjectConfigurationPlatforms) = postSolution
		{377A4AE9-8B05-4755-9AA9-C2FCBC9C43A3}.Debug|Any CPU.ActiveCfg = Debug|Any CPU
		{377A4AE9-8B05-4755-9AA9-C2FCBC9C43A3}.Debug|Any CPU.Build.0 = Debug|Any CPU
		{377A4AE9-8B05-4755-9AA9-C2FCBC9C43A3}.Release|Any CPU.ActiveCfg = Release|Any CPU
		{377A4AE9-8B05-4755-9AA9-C2FCBC9C43A3}.Release|Any CPU.Build.0 = Release|Any CPU
	EndGlobalSection
	GlobalSection(SolutionProperties) = preSolution
		HideSolutionNode = FALSE
	EndGlobalSection
	GlobalSection(ExtensibilityGlobals) = postSolution
		SolutionGuid = {7B7E86C3-435D-434B-9750-1B942D27CB0D}
	EndGlobalSection
EndGlobal
